Microsoft Visual Studio Solution File, Format Version 12.00
# Visual Studio Version 17
VisualStudioVersion = 17.5.2.0
MinimumVisualStudioVersion = 10.0.40219.1
Project("{FAE04EC0-301F-11D3-BF4B-00C04F79EFBC}") = "AdvancedDotNetPOCs", "AdvancedDotNetPOCs.csproj", "{E93C2BE9-E2A5-919B-7C81-6C8D8F877ED9}"
EndProject
Global
	GlobalSection(SolutionConfigurationPlatforms) = preSolution
		Debug|Any CPU = Debug|Any CPU
		Release|Any CPU = Release|Any CPU
	EndGlobalSection
	GlobalSection(ProjectConfigurationPlatforms) = postSolution
		{E93C2BE9-E2A5-919B-7C81-6C8D8F877ED9}.Debug|Any CPU.ActiveCfg = Debug|Any CPU
		{E93C2BE9-E2A5-919B-7C81-6C8D8F877ED9}.Debug|Any CPU.Build.0 = Debug|Any CPU
		{E93C2BE9-E2A5-919B-7C81-6C8D8F877ED9}.Release|Any CPU.ActiveCfg = Release|Any CPU
		{E93C2BE9-E2A5-919B-7C81-6C8D8F877ED9}.Release|Any CPU.Build.0 = Release|Any CPU
	EndGlobalSection
	GlobalSection(SolutionProperties) = preSolution
		HideSolutionNode = FALSE
	EndGlobalSection
	GlobalSection(ExtensibilityGlobals) = postSolution
		SolutionGuid = {199A6E3C-AC1F-4A38-843B-CA016D095B53}
	EndGlobalSection
EndGlobal
